
Microsoft Visual Studio Solution File, Format Version 12.00
# Visual Studio Version 17
VisualStudioVersion = 17.10.35122.118
MinimumVisualStudioVersion = 10.0.40219.1
Project("{888888A0-9F3D-457C-B088-3A5042F75D52}") = "CONVERSOR_DE_TEMPERATURA_DE_CELSIUS_A_FARENHEINT", "CONVERSOR_DE_TEMPERATURA_DE_CELSIUS_A_FARENHEINT\CONVERSOR_DE_TEMPERATURA_DE_CELSIUS_A_FARENHEINT.pyproj", "{DBBD4F71-B318-4BCD-B7C0-F2B7C3275C80}"
EndProject
Global
	GlobalSection(SolutionConfigurationPlatforms) = preSolution
		Debug|Any CPU = Debug|Any CPU
		Release|Any CPU = Release|Any CPU
	EndGlobalSection
	GlobalSection(ProjectConfigurationPlatforms) = postSolution
		{DBBD4F71-B318-4BCD-B7C0-F2B7C3275C80}.Debug|Any CPU.ActiveCfg = Debug|Any CPU
		{DBBD4F71-B318-4BCD-B7C0-F2B7C3275C80}.Release|Any CPU.ActiveCfg = Release|Any CPU
	EndGlobalSection
	GlobalSection(SolutionProperties) = preSolution
		HideSolutionNode = FALSE
	EndGlobalSection
	GlobalSection(ExtensibilityGlobals) = postSolution
		SolutionGuid = {EDB622B8-45F0-4C01-9A96-5DBA8132976D}
	EndGlobalSection
EndGlobal
